
Microsoft Visual Studio Solution File, Format Version 12.00
# Visual Studio Version 18
VisualStudioVersion = 18.1.11312.151 d18.0
MinimumVisualStudioVersion = 10.0.40219.1
Project("{FAE04EC0-301F-11D3-BF4B-00C04F79EFBC}") = "SandBox", "SandBox.csproj", "{563CFB84-0096-49AA-A5CA-8F924352E866}"
EndProject
Project("{FAE04EC0-301F-11D3-BF4B-00C04F79EFBC}") = "SandBox.Unit.Tests", "..\SandBox.Unit.Tests\SandBox.Unit.Tests.csproj", "{81981140-B8D8-4B32-A3C4-2B753A8A1988}"
EndProject
Global
	GlobalSection(SolutionConfigurationPlatforms) = preSolution
		Debug|Any CPU = Debug|Any CPU
		Release|Any CPU = Release|Any CPU
	EndGlobalSection
	GlobalSection(ProjectConfigurationPlatforms) = postSolution
		{563CFB84-0096-49AA-A5CA-8F924352E866}.Debug|Any CPU.ActiveCfg = Debug|Any CPU
		{563CFB84-0096-49AA-A5CA-8F924352E866}.Debug|Any CPU.Build.0 = Debug|Any CPU
		{563CFB84-0096-49AA-A5CA-8F924352E866}.Release|Any CPU.ActiveCfg = Release|Any CPU
		{563CFB84-0096-49AA-A5CA-8F924352E866}.Release|Any CPU.Build.0 = Release|Any CPU
		{81981140-B8D8-4B32-A3C4-2B753A8A1988}.Debug|Any CPU.ActiveCfg = Debug|Any CPU
		{81981140-B8D8-4B32-A3C4-2B753A8A1988}.Debug|Any CPU.Build.0 = Debug|Any CPU
		{81981140-B8D8-4B32-A3C4-2B753A8A1988}.Release|Any CPU.ActiveCfg = Release|Any CPU
		{81981140-B8D8-4B32-A3C4-2B753A8A1988}.Release|Any CPU.Build.0 = Release|Any CPU
	EndGlobalSection
	GlobalSection(SolutionProperties) = preSolution
		HideSolutionNode = FALSE
	EndGlobalSection
	GlobalSection(ExtensibilityGlobals) = postSolution
		SolutionGuid = {EF9C3527-058B-4B9C-B96C-BB7B24FFC67D}
	EndGlobalSection
EndGlobal
